
Microsoft Visual Studio Solution File, Format Version 12.00
# Visual Studio Version 17
VisualStudioVersion = 17.5.33516.290
MinimumVisualStudioVersion = 10.0.40219.1
Project("{FAE04EC0-301F-11D3-BF4B-00C04F79EFBC}") = "Testing_02_Exo.AppConsole", "Testing_02_Exo.AppConsole\Testing_02_Exo.AppConsole.csproj", "{48718CAE-7EF9-4445-85E6-5A1DAA045DB4}"
EndProject
Project("{FAE04EC0-301F-11D3-BF4B-00C04F79EFBC}") = "Testing_02_Exo.BLL", "Testing_02_Exo.BLL\Testing_02_Exo.BLL.csproj", "{CA8AE710-FB48-4348-874E-ED5D797F3E36}"
EndProject
Project("{FAE04EC0-301F-11D3-BF4B-00C04F79EFBC}") = "Testing_02_Exo.BLL.Test", "Testing_02_Exo.BLL.Test\Testing_02_Exo.BLL.Test.csproj", "{A6825D79-293B-41D9-8463-13AEB83CF7F6}"
EndProject
Global
	GlobalSection(SolutionConfigurationPlatforms) = preSolution
		Debug|Any CPU = Debug|Any CPU
		Release|Any CPU = Release|Any CPU
	EndGlobalSection
	GlobalSection(ProjectConfigurationPlatforms) = postSolution
		{48718CAE-7EF9-4445-85E6-5A1DAA045DB4}.Debug|Any CPU.ActiveCfg = Debug|Any CPU
		{48718CAE-7EF9-4445-85E6-5A1DAA045DB4}.Debug|Any CPU.Build.0 = Debug|Any CPU
		{48718CAE-7EF9-4445-85E6-5A1DAA045DB4}.Release|Any CPU.ActiveCfg = Release|Any CPU
		{48718CAE-7EF9-4445-85E6-5A1DAA045DB4}.Release|Any CPU.Build.0 = Release|Any CPU
		{CA8AE710-FB48-4348-874E-ED5D797F3E36}.Debug|Any CPU.ActiveCfg = Debug|Any CPU
		{CA8AE710-FB48-4348-874E-ED5D797F3E36}.Debug|Any CPU.Build.0 = Debug|Any CPU
		{CA8AE710-FB48-4348-874E-ED5D797F3E36}.Release|Any CPU.ActiveCfg = Release|Any CPU
		{CA8AE710-FB48-4348-874E-ED5D797F3E36}.Release|Any CPU.Build.0 = Release|Any CPU
		{A6825D79-293B-41D9-8463-13AEB83CF7F6}.Debug|Any CPU.ActiveCfg = Debug|Any CPU
		{A6825D79-293B-41D9-8463-13AEB83CF7F6}.Debug|Any CPU.Build.0 = Debug|Any CPU
		{A6825D79-293B-41D9-8463-13AEB83CF7F6}.Release|Any CPU.ActiveCfg = Release|Any CPU
		{A6825D79-293B-41D9-8463-13AEB83CF7F6}.Release|Any CPU.Build.0 = Release|Any CPU
	EndGlobalSection
	GlobalSection(SolutionProperties) = preSolution
		HideSolutionNode = FALSE
	EndGlobalSection
	GlobalSection(ExtensibilityGlobals) = postSolution
		SolutionGuid = {F38CFCC5-E48C-4836-9F4E-A65DBB7DA331}
	EndGlobalSection
EndGlobal
